
Microsoft Visual Studio Solution File, Format Version 12.00
# Visual Studio Version 16
VisualStudioVersion = 16.0.31019.35
MinimumVisualStudioVersion = 10.0.40219.1
Project("{2150E333-8FDC-42A3-9474-1A3956D46DE8}") = "Lib", "Lib", "{F6E48D0A-F4E7-4103-8EB8-2A0CB3B78A3C}"
EndProject
Project("{2150E333-8FDC-42A3-9474-1A3956D46DE8}") = "Tests", "Tests", "{C436DA07-5232-42D3-95AA-DFBCA8151243}"
EndProject
Project("{9A19103F-16F7-4668-BE54-9A1E7A4F7556}") = "PowerDataCoreLib", "PowerDataCoreLib\PowerDataCoreLib.csproj", "{2736D5C3-D6AC-4027-AA7D-CAD439F5F896}"
EndProject
Project("{9A19103F-16F7-4668-BE54-9A1E7A4F7556}") = "PowerDataLib.Test", "PowerDataLib.Test\PowerDataLib.Test.csproj", "{60789E1F-6BEB-4731-B9B8-15B8F07BFD3B}"
EndProject
Project("{9A19103F-16F7-4668-BE54-9A1E7A4F7556}") = "PowerToolLib", "PowerToolLib\PowerToolLib.csproj", "{63B114B3-AA47-478A-8D93-8623D2134DCC}"
EndProject
Project("{9A19103F-16F7-4668-BE54-9A1E7A4F7556}") = "CQRS", "CQRS\CQRS.csproj", "{471C857C-5513-4249-82D2-23CDD5D82D9A}"
EndProject
Project("{2150E333-8FDC-42A3-9474-1A3956D46DE8}") = "API", "API", "{70E60BBD-238C-4093-A34A-EF08060CA212}"
EndProject
Project("{FAE04EC0-301F-11D3-BF4B-00C04F79EFBC}") = "PowerAPI", "PowerAPI\PowerAPI.csproj", "{947327F0-6140-4A86-A4DE-36783DDCC4FC}"
EndProject
Project("{FAE04EC0-301F-11D3-BF4B-00C04F79EFBC}") = "PowerAPI.Tests", "PowerAPI.Tests\PowerAPI.Tests.csproj", "{523BB734-5FC5-4B0E-AE9C-06DBA3186637}"
EndProject
Global
	GlobalSection(SolutionConfigurationPlatforms) = preSolution
		Debug|Any CPU = Debug|Any CPU
		Release|Any CPU = Release|Any CPU
	EndGlobalSection
	GlobalSection(ProjectConfigurationPlatforms) = postSolution
		{2736D5C3-D6AC-4027-AA7D-CAD439F5F896}.Debug|Any CPU.ActiveCfg = Debug|Any CPU
		{2736D5C3-D6AC-4027-AA7D-CAD439F5F896}.Debug|Any CPU.Build.0 = Debug|Any CPU
		{2736D5C3-D6AC-4027-AA7D-CAD439F5F896}.Release|Any CPU.ActiveCfg = Release|Any CPU
		{2736D5C3-D6AC-4027-AA7D-CAD439F5F896}.Release|Any CPU.Build.0 = Release|Any CPU
		{60789E1F-6BEB-4731-B9B8-15B8F07BFD3B}.Debug|Any CPU.ActiveCfg = Debug|Any CPU
		{60789E1F-6BEB-4731-B9B8-15B8F07BFD3B}.Debug|Any CPU.Build.0 = Debug|Any CPU
		{60789E1F-6BEB-4731-B9B8-15B8F07BFD3B}.Release|Any CPU.ActiveCfg = Release|Any CPU
		{60789E1F-6BEB-4731-B9B8-15B8F07BFD3B}.Release|Any CPU.Build.0 = Release|Any CPU
		{63B114B3-AA47-478A-8D93-8623D2134DCC}.Debug|Any CPU.ActiveCfg = Debug|Any CPU
		{63B114B3-AA47-478A-8D93-8623D2134DCC}.Debug|Any CPU.Build.0 = Debug|Any CPU
		{63B114B3-AA47-478A-8D93-8623D2134DCC}.Release|Any CPU.ActiveCfg = Release|Any CPU
		{63B114B3-AA47-478A-8D93-8623D2134DCC}.Release|Any CPU.Build.0 = Release|Any CPU
		{471C857C-5513-4249-82D2-23CDD5D82D9A}.Debug|Any CPU.ActiveCfg = Debug|Any CPU
		{471C857C-5513-4249-82D2-23CDD5D82D9A}.Debug|Any CPU.Build.0 = Debug|Any CPU
		{471C857C-5513-4249-82D2-23CDD5D82D9A}.Release|Any CPU.ActiveCfg = Release|Any CPU
		{471C857C-5513-4249-82D2-23CDD5D82D9A}.Release|Any CPU.Build.0 = Release|Any CPU
		{947327F0-6140-4A86-A4DE-36783DDCC4FC}.Debug|Any CPU.ActiveCfg = Debug|Any CPU
		{947327F0-6140-4A86-A4DE-36783DDCC4FC}.Debug|Any CPU.Build.0 = Debug|Any CPU
		{947327F0-6140-4A86-A4DE-36783DDCC4FC}.Release|Any CPU.ActiveCfg = Release|Any CPU
		{947327F0-6140-4A86-A4DE-36783DDCC4FC}.Release|Any CPU.Build.0 = Release|Any CPU
		{523BB734-5FC5-4B0E-AE9C-06DBA3186637}.Debug|Any CPU.ActiveCfg = Debug|Any CPU
		{523BB734-5FC5-4B0E-AE9C-06DBA3186637}.Debug|Any CPU.Build.0 = Debug|Any CPU
		{523BB734-5FC5-4B0E-AE9C-06DBA3186637}.Release|Any CPU.ActiveCfg = Release|Any CPU
		{523BB734-5FC5-4B0E-AE9C-06DBA3186637}.Release|Any CPU.Build.0 = Release|Any CPU
	EndGlobalSection
	GlobalSection(SolutionProperties) = preSolution
		HideSolutionNode = FALSE
	EndGlobalSection
	GlobalSection(NestedProjects) = preSolution
		{2736D5C3-D6AC-4027-AA7D-CAD439F5F896} = {F6E48D0A-F4E7-4103-8EB8-2A0CB3B78A3C}
		{60789E1F-6BEB-4731-B9B8-15B8F07BFD3B} = {C436DA07-5232-42D3-95AA-DFBCA8151243}
		{63B114B3-AA47-478A-8D93-8623D2134DCC} = {F6E48D0A-F4E7-4103-8EB8-2A0CB3B78A3C}
		{471C857C-5513-4249-82D2-23CDD5D82D9A} = {F6E48D0A-F4E7-4103-8EB8-2A0CB3B78A3C}
		{947327F0-6140-4A86-A4DE-36783DDCC4FC} = {70E60BBD-238C-4093-A34A-EF08060CA212}
		{523BB734-5FC5-4B0E-AE9C-06DBA3186637} = {C436DA07-5232-42D3-95AA-DFBCA8151243}
	EndGlobalSection
	GlobalSection(ExtensibilityGlobals) = postSolution
		SolutionGuid = {97165EB7-D59F-4F54-B6EB-33023D699CBD}
	EndGlobalSection
EndGlobal
